{
  "version": 4,
  "terraform_version": "1.3.4",
  "serial": 128,
  "lineage": "2e898ebc-014e-0099-7db3-42b0ff0d7051",
  "outputs": {},
  "resources": [
    {
      "mode": "managed",
      "type": "local_file",
      "name": "binding_status",
      "provider": "provider[\"registry.terraform.io/hashicorp/local\"]",
      "instances": [
        {
          "index_key": "15d7b714-f51c-4bb2-9f2e-7d1b5d6d6722",
          "schema_version": 0,
          "attributes": {
            "content": "\"description\": \"\"\n\"status\": \"succeeded\"\n",
            "content_base64": null,
            "directory_permission": "0777",
            "file_permission": "0644",
            "filename": "../../instances/e5069746-4e07-43dc-ab49-242ffe548a45/bindings/15d7b714-f51c-4bb2-9f2e-7d1b5d6d6722/status.yml",
            "id": "e45c26087a33942550da2f757676539f79543385",
            "sensitive_content": null,
            "source": null
          },
          "sensitive_attributes": [],
          "private": "bnVsbA==",
          "dependencies": [
            "azurerm_subnet.project",
            "azurerm_virtual_network.project",
            "module.instance.azurerm_linux_virtual_machine.main",
            "module.instance.azurerm_managed_disk.main",
            "module.instance.azurerm_network_interface.main",
            "module.instance.azurerm_virtual_machine_data_disk_attachment.main"
          ]
        },
        {
          "index_key": "73828a7e-c142-43a6-9c5f-66b5e8a93ab4",
          "schema_version": 0,
          "attributes": {
            "content": "\"description\": \"\"\n\"status\": \"succeeded\"\n",
            "content_base64": null,
            "directory_permission": "0777",
            "file_permission": "0644",
            "filename": "../../instances/2731a6ad-bc37-4aa3-9f9d-1d6ac0b38ba7/bindings/73828a7e-c142-43a6-9c5f-66b5e8a93ab4/status.yml",
            "id": "e45c26087a33942550da2f757676539f79543385",
            "sensitive_content": null,
            "source": null
          },
          "sensitive_attributes": [],
          "private": "bnVsbA==",
          "dependencies": [
            "azurerm_subnet.project",
            "azurerm_virtual_network.project",
            "module.instance.azurerm_linux_virtual_machine.main",
            "module.instance.azurerm_managed_disk.main",
            "module.instance.azurerm_network_interface.main",
            "module.instance.azurerm_virtual_machine_data_disk_attachment.main"
          ]
        },
        {
          "index_key": "8540d9cc-a27f-4402-9dfb-4cfe7153e00c",
          "schema_version": 0,
          "attributes": {
            "content": "\"description\": \"\"\n\"status\": \"succeeded\"\n",
            "content_base64": null,
            "directory_permission": "0777",
            "file_permission": "0644",
            "filename": "../../instances/fcbede72-e724-4426-9b5d-096f10ca4676/bindings/8540d9cc-a27f-4402-9dfb-4cfe7153e00c/status.yml",
            "id": "e45c26087a33942550da2f757676539f79543385",
            "sensitive_content": null,
            "source": null
          },
          "sensitive_attributes": [],
          "private": "bnVsbA==",
          "dependencies": [
            "azurerm_subnet.project",
            "azurerm_virtual_network.project",
            "module.instance.azurerm_linux_virtual_machine.main",
            "module.instance.azurerm_managed_disk.main",
            "module.instance.azurerm_network_interface.main",
            "module.instance.azurerm_virtual_machine_data_disk_attachment.main"
          ]
        },
        {
          "index_key": "a05732fc-3fcd-42b5-8403-10d0a7df92a6",
          "schema_version": 0,
          "attributes": {
            "content": "\"description\": \"\"\n\"status\": \"succeeded\"\n",
            "content_base64": null,
            "directory_permission": "0777",
            "file_permission": "0644",
            "filename": "../../instances/355f8532-bc69-48ca-b205-532c6ecf3bac/bindings/a05732fc-3fcd-42b5-8403-10d0a7df92a6/status.yml",
            "id": "e45c26087a33942550da2f757676539f79543385",
            "sensitive_content": null,
            "source": null
          },
          "sensitive_attributes": [],
          "private": "bnVsbA==",
          "dependencies": [
            "azurerm_subnet.project",
            "azurerm_virtual_network.project",
            "module.instance.azurerm_linux_virtual_machine.main",
            "module.instance.azurerm_managed_disk.main",
            "module.instance.azurerm_network_interface.main",
            "module.instance.azurerm_virtual_machine_data_disk_attachment.main"
          ]
        },
        {
          "index_key": "c37b5af6-cd04-42d3-947c-a3a28433e9b5",
          "schema_version": 0,
          "attributes": {
            "content": "\"description\": \"\"\n\"status\": \"succeeded\"\n",
            "content_base64": null,
            "directory_permission": "0777",
            "file_permission": "0644",
            "filename": "../../instances/6d8f099d-db3c-4d01-91e9-aa762676a14f/bindings/c37b5af6-cd04-42d3-947c-a3a28433e9b5/status.yml",
            "id": "e45c26087a33942550da2f757676539f79543385",
            "sensitive_content": null,
            "source": null
          },
          "sensitive_attributes": [],
          "private": "bnVsbA==",
          "dependencies": [
            "azurerm_subnet.project",
            "azurerm_virtual_network.project",
            "module.instance.azurerm_linux_virtual_machine.main",
            "module.instance.azurerm_managed_disk.main",
            "module.instance.azurerm_network_interface.main",
            "module.instance.azurerm_virtual_machine_data_disk_attachment.main"
          ]
        },
        {
          "index_key": "f190097a-70cf-4193-99a7-3bef22eaff62",
          "schema_version": 0,
          "attributes": {
            "content": "\"description\": \"\"\n\"status\": \"succeeded\"\n",
            "content_base64": null,
            "directory_permission": "0777",
            "file_permission": "0644",
            "filename": "../../instances/2362dd9f-59f2-40f2-a22b-db512064c489/bindings/f190097a-70cf-4193-99a7-3bef22eaff62/status.yml",
            "id": "e45c26087a33942550da2f757676539f79543385",
            "sensitive_content": null,
            "source": null
          },
          "sensitive_attributes": [],
          "private": "bnVsbA==",
          "dependencies": [
            "azurerm_subnet.project",
            "azurerm_virtual_network.project",
            "module.instance.azurerm_linux_virtual_machine.main",
            "module.instance.azurerm_managed_disk.main",
            "module.instance.azurerm_network_interface.main",
            "module.instance.azurerm_virtual_machine_data_disk_attachment.main"
          ]
        }
      ]
    },
    {
      "mode": "managed",
      "type": "local_file",
      "name": "instance_status",
      "provider": "provider[\"registry.terraform.io/hashicorp/local\"]",
      "instances": [
        {
          "index_key": "2362dd9f-59f2-40f2-a22b-db512064c489",
          "schema_version": 0,
          "attributes": {
            "content": "\"description\": \"\"\n\"status\": \"succeeded\"\n",
            "content_base64": null,
            "directory_permission": "0777",
            "file_permission": "0644",
            "filename": "../../instances/2362dd9f-59f2-40f2-a22b-db512064c489/status.yml",
            "id": "e45c26087a33942550da2f757676539f79543385",
            "sensitive_content": null,
            "source": null
          },
          "sensitive_attributes": [],
          "private": "bnVsbA==",
          "dependencies": [
            "azurerm_subnet.project",
            "azurerm_virtual_network.project",
            "module.instance.azurerm_linux_virtual_machine.main",
            "module.instance.azurerm_managed_disk.main",
            "module.instance.azurerm_network_interface.main",
            "module.instance.azurerm_virtual_machine_data_disk_attachment.main"
          ]
        },
        {
          "index_key": "2731a6ad-bc37-4aa3-9f9d-1d6ac0b38ba7",
          "schema_version": 0,
          "attributes": {
            "content": "\"description\": \"\"\n\"status\": \"succeeded\"\n",
            "content_base64": null,
            "directory_permission": "0777",
            "file_permission": "0644",
            "filename": "../../instances/2731a6ad-bc37-4aa3-9f9d-1d6ac0b38ba7/status.yml",
            "id": "e45c26087a33942550da2f757676539f79543385",
            "sensitive_content": null,
            "source": null
          },
          "sensitive_attributes": [],
          "private": "bnVsbA==",
          "dependencies": [
            "azurerm_subnet.project",
            "azurerm_virtual_network.project",
            "module.instance.azurerm_linux_virtual_machine.main",
            "module.instance.azurerm_managed_disk.main",
            "module.instance.azurerm_network_interface.main",
            "module.instance.azurerm_virtual_machine_data_disk_attachment.main"
          ]
        },
        {
          "index_key": "355f8532-bc69-48ca-b205-532c6ecf3bac",
          "schema_version": 0,
          "attributes": {
            "content": "\"description\": \"\"\n\"status\": \"succeeded\"\n",
            "content_base64": null,
            "directory_permission": "0777",
            "file_permission": "0644",
            "filename": "../../instances/355f8532-bc69-48ca-b205-532c6ecf3bac/status.yml",
            "id": "e45c26087a33942550da2f757676539f79543385",
            "sensitive_content": null,
            "source": null
          },
          "sensitive_attributes": [],
          "private": "bnVsbA==",
          "dependencies": [
            "azurerm_subnet.project",
            "azurerm_virtual_network.project",
            "module.instance.azurerm_linux_virtual_machine.main",
            "module.instance.azurerm_managed_disk.main",
            "module.instance.azurerm_network_interface.main",
            "module.instance.azurerm_virtual_machine_data_disk_attachment.main"
          ]
        },
        {
          "index_key": "6d8f099d-db3c-4d01-91e9-aa762676a14f",
          "schema_version": 0,
          "attributes": {
            "content": "\"description\": \"\"\n\"status\": \"succeeded\"\n",
            "content_base64": null,
            "directory_permission": "0777",
            "file_permission": "0644",
            "filename": "../../instances/6d8f099d-db3c-4d01-91e9-aa762676a14f/status.yml",
            "id": "e45c26087a33942550da2f757676539f79543385",
            "sensitive_content": null,
            "source": null
          },
          "sensitive_attributes": [],
          "private": "bnVsbA==",
          "dependencies": [
            "azurerm_subnet.project",
            "azurerm_virtual_network.project",
            "module.instance.azurerm_linux_virtual_machine.main",
            "module.instance.azurerm_managed_disk.main",
            "module.instance.azurerm_network_interface.main",
            "module.instance.azurerm_virtual_machine_data_disk_attachment.main"
          ]
        },
        {
          "index_key": "e5069746-4e07-43dc-ab49-242ffe548a45",
          "schema_version": 0,
          "attributes": {
            "content": "\"description\": \"\"\n\"status\": \"succeeded\"\n",
            "content_base64": null,
            "directory_permission": "0777",
            "file_permission": "0644",
            "filename": "../../instances/e5069746-4e07-43dc-ab49-242ffe548a45/status.yml",
            "id": "e45c26087a33942550da2f757676539f79543385",
            "sensitive_content": null,
            "source": null
          },
          "sensitive_attributes": [],
          "private": "bnVsbA==",
          "dependencies": [
            "azurerm_subnet.project",
            "azurerm_virtual_network.project",
            "module.instance.azurerm_linux_virtual_machine.main",
            "module.instance.azurerm_managed_disk.main",
            "module.instance.azurerm_network_interface.main",
            "module.instance.azurerm_virtual_machine_data_disk_attachment.main"
          ]
        },
        {
          "index_key": "fcbede72-e724-4426-9b5d-096f10ca4676",
          "schema_version": 0,
          "attributes": {
            "content": "\"description\": \"\"\n\"status\": \"succeeded\"\n",
            "content_base64": null,
            "directory_permission": "0777",
            "file_permission": "0644",
            "filename": "../../instances/fcbede72-e724-4426-9b5d-096f10ca4676/status.yml",
            "id": "e45c26087a33942550da2f757676539f79543385",
            "sensitive_content": null,
            "source": null
          },
          "sensitive_attributes": [],
          "private": "bnVsbA==",
          "dependencies": [
            "azurerm_subnet.project",
            "azurerm_virtual_network.project",
            "module.instance.azurerm_linux_virtual_machine.main",
            "module.instance.azurerm_managed_disk.main",
            "module.instance.azurerm_network_interface.main",
            "module.instance.azurerm_virtual_machine_data_disk_attachment.main"
          ]
        }
      ]
    }
  ],
  "check_results": null
}
